
Microsoft Visual Studio Solution File, Format Version 12.00
# Visual Studio Version 17
VisualStudioVersion = 17.5.33627.172
MinimumVisualStudioVersion = 10.0.40219.1
Project("{FAE04EC0-301F-11D3-BF4B-00C04F79EFBC}") = "VideoCatalogue", "VideoCatalogue.csproj", "{B3FB83DD-3B8F-4219-B1C9-C52920740DC9}"
EndProject
Global
	GlobalSection(SolutionConfigurationPlatforms) = preSolution
		Debug|Any CPU = Debug|Any CPU
		Release|Any CPU = Release|Any CPU
	EndGlobalSection
	GlobalSection(ProjectConfigurationPlatforms) = postSolution
		{B3FB83DD-3B8F-4219-B1C9-C52920740DC9}.Debug|Any CPU.ActiveCfg = Debug|Any CPU
		{B3FB83DD-3B8F-4219-B1C9-C52920740DC9}.Debug|Any CPU.Build.0 = Debug|Any CPU
		{B3FB83DD-3B8F-4219-B1C9-C52920740DC9}.Release|Any CPU.ActiveCfg = Release|Any CPU
		{B3FB83DD-3B8F-4219-B1C9-C52920740DC9}.Release|Any CPU.Build.0 = Release|Any CPU
	EndGlobalSection
	GlobalSection(SolutionProperties) = preSolution
		HideSolutionNode = FALSE
	EndGlobalSection
	GlobalSection(ExtensibilityGlobals) = postSolution
		SolutionGuid = {D6991A64-FD04-4979-996B-0F1DDE9D4CE0}
	EndGlobalSection
EndGlobal
